// !$*UTF8*$!
{
	archiveVersion = 1;
	classes = {
	};
	objectVersion = 46;
	objects = {

/* Begin PBXBuildFile section */
		5C13F4E4792F0B680C6EA0DC /* Pods_FlickrSlideShowTests.framework in Frameworks */ = {isa = PBXBuildFile; fileRef = 0B75AA5F995FAD4D905AE3E9 /* Pods_FlickrSlideShowTests.framework */; };
		818CAA8ADA87F6E725CCF063 /* Pods_FlickrSlideShowUITests.framework in Frameworks */ = {isa = PBXBuildFile; fileRef = 6E658D42B9AB2012942FAEA2 /* Pods_FlickrSlideShowUITests.framework */; };
		94E80A18EF367B7FA8FA6D91 /* Pods_FlickrSlideShow.framework in Frameworks */ = {isa = PBXBuildFile; fileRef = 6657FD3E2C3613914E48E381 /* Pods_FlickrSlideShow.framework */; };
		EE6C8F171F07AD6400CAA72A /* AppDelegate.swift in Sources */ = {isa = PBXBuildFile; fileRef = EE6C8F161F07AD6400CAA72A /* AppDelegate.swift */; };
		EE6C8F1C1F07AD6400CAA72A /* Main.storyboard in Resources */ = {isa = PBXBuildFile; fileRef = EE6C8F1A1F07AD6400CAA72A /* Main.storyboard */; };
		EE6C8F1E1F07AD6400CAA72A /* Assets.xcassets in Resources */ = {isa = PBXBuildFile; fileRef = EE6C8F1D1F07AD6400CAA72A /* Assets.xcassets */; };
		EE6C8F211F07AD6400CAA72A /* LaunchScreen.storyboard in Resources */ = {isa = PBXBuildFile; fileRef = EE6C8F1F1F07AD6400CAA72A /* LaunchScreen.storyboard */; };
		EE6C8F2C1F07AD6500CAA72A /* FlickrSlideShowTests.swift in Sources */ = {isa = PBXBuildFile; fileRef = EE6C8F2B1F07AD6500CAA72A /* FlickrSlideShowTests.swift */; };
		EE6C8F371F07AD6500CAA72A /* FlickrSlideShowUITests.swift in Sources */ = {isa = PBXBuildFile; fileRef = EE6C8F361F07AD6500CAA72A /* FlickrSlideShowUITests.swift */; };
		EE6C8F941F09373500CAA72A /* flickrAPI.swift in Sources */ = {isa = PBXBuildFile; fileRef = EE6C8F931F09373500CAA72A /* flickrAPI.swift */; };
		EE6C8F971F09668000CAA72A /* FlickrFeedItem.swift in Sources */ = {isa = PBXBuildFile; fileRef = EE6C8F961F09668000CAA72A /* FlickrFeedItem.swift */; };
		EE6C8F9B1F09769500CAA72A /* FlckrCollectionViewCell.swift in Sources */ = {isa = PBXBuildFile; fileRef = EE6C8F9A1F09769500CAA72A /* FlckrCollectionViewCell.swift */; };
		EE6C8F9F1F0BC27500CAA72A /* CollectionViewController.swift in Sources */ = {isa = PBXBuildFile; fileRef = EE6C8F9E1F0BC27500CAA72A /* CollectionViewController.swift */; };
/* End PBXBuildFile section */

/* Begin PBXContainerItemProxy section */
		EE6C8F281F07AD6500CAA72A /* PBXContainerItemProxy */ = {
			isa = PBXContainerItemProxy;
			containerPortal = EE6C8F0B1F07AD6400CAA72A /* Project object */;
			proxyType = 1;
			remoteGlobalIDString = EE6C8F121F07AD6400CAA72A;
			remoteInfo = FlickrSlideShow;
		};
		EE6C8F331F07AD6500CAA72A /* PBXContainerItemProxy */ = {
			isa = PBXContainerItemProxy;
			containerPortal = EE6C8F0B1F07AD6400CAA72A /* Project object */;
			proxyType = 1;
			remoteGlobalIDString = EE6C8F121F07AD6400CAA72A;
			remoteInfo = FlickrSlideShow;
		};
/* End PBXContainerItemProxy section */

/* Begin PBXFileReference section */
		0B75AA5F995FAD4D905AE3E9 /* Pods_FlickrSlideShowTests.framework */ = {isa = PBXFileReference; explicitFileType = wrapper.framework; includeInIndex = 0; path = Pods_FlickrSlideShowTests.framework; sourceTree = BUILT_PRODUCTS_DIR; };
		0BFD37E4ED11F26F918ACFC5 /* Pods-FlickrSlideShow.debug.xcconfig */ = {isa = PBXFileReference; includeInIndex = 1; lastKnownFileType = text.xcconfig; name = "Pods-FlickrSlideShow.debug.xcconfig"; path = "Pods/Target Support Files/Pods-FlickrSlideShow/Pods-FlickrSlideShow.debug.xcconfig"; sourceTree = "<group>"; };
		53860238528438AF4F0256BD /* Pods-FlickrSlideShowUITests.release.xcconfig */ = {isa = PBXFileReference; includeInIndex = 1; lastKnownFileType = text.xcconfig; name = "Pods-FlickrSlideShowUITests.release.xcconfig"; path = "Pods/Target Support Files/Pods-FlickrSlideShowUITests/Pods-FlickrSlideShowUITests.release.xcconfig"; sourceTree = "<group>"; };
		6657FD3E2C3613914E48E381 /* Pods_FlickrSlideShow.framework */ = {isa = PBXFileReference; explicitFileType = wrapper.framework; includeInIndex = 0; path = Pods_FlickrSlideShow.framework; sourceTree = BUILT_PRODUCTS_DIR; };
		6E658D42B9AB2012942FAEA2 /* Pods_FlickrSlideShowUITests.framework */ = {isa = PBXFileReference; explicitFileType = wrapper.framework; includeInIndex = 0; path = Pods_FlickrSlideShowUITests.framework; sourceTree = BUILT_PRODUCTS_DIR; };
		71EAF4A310ED54C27595BE29 /* Pods-FlickrSlideShowTests.debug.xcconfig */ = {isa = PBXFileReference; includeInIndex = 1; lastKnownFileType = text.xcconfig; name = "Pods-FlickrSlideShowTests.debug.xcconfig"; path = "Pods/Target Support Files/Pods-FlickrSlideShowTests/Pods-FlickrSlideShowTests.debug.xcconfig"; sourceTree = "<group>"; };
		8DA65FBBF6C97E333A2027A1 /* Pods-FlickrSlideShowTests.release.xcconfig */ = {isa = PBXFileReference; includeInIndex = 1; lastKnownFileType = text.xcconfig; name = "Pods-FlickrSlideShowTests.release.xcconfig"; path = "Pods/Target Support Files/Pods-FlickrSlideShowTests/Pods-FlickrSlideShowTests.release.xcconfig"; sourceTree = "<group>"; };
		AF35D2F660F22996AC56DF0E /* Pods-FlickrSlideShowUITests.debug.xcconfig */ = {isa = PBXFileReference; includeInIndex = 1; lastKnownFileType = text.xcconfig; name = "Pods-FlickrSlideShowUITests.debug.xcconfig"; path = "Pods/Target Support Files/Pods-FlickrSlideShowUITests/Pods-FlickrSlideShowUITests.debug.xcconfig"; sourceTree = "<group>"; };
		CBA86991B090CEA019CA1AB5 /* Pods-FlickrSlideShow.release.xcconfig */ = {isa = PBXFileReference; includeInIndex = 1; lastKnownFileType = text.xcconfig; name = "Pods-FlickrSlideShow.release.xcconfig"; path = "Pods/Target Support Files/Pods-FlickrSlideShow/Pods-FlickrSlideShow.release.xcconfig"; sourceTree = "<group>"; };
		EE6C8F131F07AD6400CAA72A /* FlickrSlideShow.app */ = {isa = PBXFileReference; explicitFileType = wrapper.application; includeInIndex = 0; path = FlickrSlideShow.app; sourceTree = BUILT_PRODUCTS_DIR; };
		EE6C8F161F07AD6400CAA72A /* AppDelegate.swift */ = {isa = PBXFileReference; lastKnownFileType = sourcecode.swift; path = AppDelegate.swift; sourceTree = "<group>"; };
		EE6C8F1B1F07AD6400CAA72A /* Base */ = {isa = PBXFileReference; lastKnownFileType = file.storyboard; name = Base; path = Base.lproj/Main.storyboard; sourceTree = "<group>"; };
		EE6C8F1D1F07AD6400CAA72A /* Assets.xcassets */ = {isa = PBXFileReference; lastKnownFileType = folder.assetcatalog; path = Assets.xcassets; sourceTree = "<group>"; };
		EE6C8F201F07AD6400CAA72A /* Base */ = {isa = PBXFileReference; lastKnownFileType = file.storyboard; name = Base; path = Base.lproj/LaunchScreen.storyboard; sourceTree = "<group>"; };
		EE6C8F221F07AD6400CAA72A /* Info.plist */ = {isa = PBXFileReference; lastKnownFileType = text.plist.xml; path = Info.plist; sourceTree = "<group>"; };
		EE6C8F271F07AD6500CAA72A /* FlickrSlideShowTests.xctest */ = {isa = PBXFileReference; explicitFileType = wrapper.cfbundle; includeInIndex = 0; path = FlickrSlideShowTests.xctest; sourceTree = BUILT_PRODUCTS_DIR; };
		EE6C8F2B1F07AD6500CAA72A /* FlickrSlideShowTests.swift */ = {isa = PBXFileReference; lastKnownFileType = sourcecode.swift; path = FlickrSlideShowTests.swift; sourceTree = "<group>"; };
		EE6C8F2D1F07AD6500CAA72A /* Info.plist */ = {isa = PBXFileReference; lastKnownFileType = text.plist.xml; path = Info.plist; sourceTree = "<group>"; };
		EE6C8F321F07AD6500CAA72A /* FlickrSlideShowUITests.xctest */ = {isa = PBXFileReference; explicitFileType = wrapper.cfbundle; includeInIndex = 0; path = FlickrSlideShowUITests.xctest; sourceTree = BUILT_PRODUCTS_DIR; };
		EE6C8F361F07AD6500CAA72A /* FlickrSlideShowUITests.swift */ = {isa = PBXFileReference; lastKnownFileType = sourcecode.swift; path = FlickrSlideShowUITests.swift; sourceTree = "<group>"; };
		EE6C8F381F07AD6500CAA72A /* Info.plist */ = {isa = PBXFileReference; lastKnownFileType = text.plist.xml; path = Info.plist; sourceTree = "<group>"; };
		EE6C8F931F09373500CAA72A /* flickrAPI.swift */ = {isa = PBXFileReference; fileEncoding = 4; lastKnownFileType = sourcecode.swift; name = flickrAPI.swift; path = sevices/flickrAPI.swift; sourceTree = "<group>"; };
		EE6C8F961F09668000CAA72A /* FlickrFeedItem.swift */ = {isa = PBXFileReference; fileEncoding = 4; lastKnownFileType = sourcecode.swift; name = FlickrFeedItem.swift; path = Model/FlickrFeedItem.swift; sourceTree = "<group>"; };
		EE6C8F9A1F09769500CAA72A /* FlckrCollectionViewCell.swift */ = {isa = PBXFileReference; fileEncoding = 4; lastKnownFileType = sourcecode.swift; name = FlckrCollectionViewCell.swift; path = ViewControllers/FlckrCollectionViewCell.swift; sourceTree = "<group>"; };
		EE6C8F9E1F0BC27500CAA72A /* CollectionViewController.swift */ = {isa = PBXFileReference; fileEncoding = 4; lastKnownFileType = sourcecode.swift; name = CollectionViewController.swift; path = ViewControllers/CollectionViewController.swift; sourceTree = "<group>"; };
/* End PBXFileReference section */

/* Begin PBXFrameworksBuildPhase section */
		EE6C8F101F07AD6400CAA72A /* Frameworks */ = {
			isa = PBXFrameworksBuildPhase;
			buildActionMask = 2147483647;
			files = (
				94E80A18EF367B7FA8FA6D91 /* Pods_FlickrSlideShow.framework in Frameworks */,
			);
			runOnlyForDeploymentPostprocessing = 0;
		};
		EE6C8F241F07AD6500CAA72A /* Frameworks */ = {
			isa = PBXFrameworksBuildPhase;
			buildActionMask = 2147483647;
			files = (
				5C13F4E4792F0B680C6EA0DC /* Pods_FlickrSlideShowTests.framework in Frameworks */,
			);
			runOnlyForDeploymentPostprocessing = 0;
		};
		EE6C8F2F1F07AD6500CAA72A /* Frameworks */ = {
			isa = PBXFrameworksBuildPhase;
			buildActionMask = 2147483647;
			files = (
				818CAA8ADA87F6E725CCF063 /* Pods_FlickrSlideShowUITests.framework in Frameworks */,
			);
			runOnlyForDeploymentPostprocessing = 0;
		};
/* End PBXFrameworksBuildPhase section */

/* Begin PBXGroup section */
		263450552480C84C17D534C0 /* Pods */ = {
			isa = PBXGroup;
			children = (
				0BFD37E4ED11F26F918ACFC5 /* Pods-FlickrSlideShow.debug.xcconfig */,
				CBA86991B090CEA019CA1AB5 /* Pods-FlickrSlideShow.release.xcconfig */,
				71EAF4A310ED54C27595BE29 /* Pods-FlickrSlideShowTests.debug.xcconfig */,
				8DA65FBBF6C97E333A2027A1 /* Pods-FlickrSlideShowTests.release.xcconfig */,
				AF35D2F660F22996AC56DF0E /* Pods-FlickrSlideShowUITests.debug.xcconfig */,
				53860238528438AF4F0256BD /* Pods-FlickrSlideShowUITests.release.xcconfig */,
			);
			name = Pods;
			sourceTree = "<group>";
		};
		29A304A50AA572E581C8BAF6 /* Frameworks */ = {
			isa = PBXGroup;
			children = (
				6657FD3E2C3613914E48E381 /* Pods_FlickrSlideShow.framework */,
				0B75AA5F995FAD4D905AE3E9 /* Pods_FlickrSlideShowTests.framework */,
				6E658D42B9AB2012942FAEA2 /* Pods_FlickrSlideShowUITests.framework */,
			);
			name = Frameworks;
			sourceTree = "<group>";
		};
		EE6C8F0A1F07AD6400CAA72A = {
			isa = PBXGroup;
			children = (
				EE6C8F151F07AD6400CAA72A /* FlickrSlideShow */,
				EE6C8F2A1F07AD6500CAA72A /* FlickrSlideShowTests */,
				EE6C8F351F07AD6500CAA72A /* FlickrSlideShowUITests */,
				EE6C8F141F07AD6400CAA72A /* Products */,
				263450552480C84C17D534C0 /* Pods */,
				29A304A50AA572E581C8BAF6 /* Frameworks */,
			);
			sourceTree = "<group>";
		};
		EE6C8F141F07AD6400CAA72A /* Products */ = {
			isa = PBXGroup;
			children = (
				EE6C8F131F07AD6400CAA72A /* FlickrSlideShow.app */,
				EE6C8F271F07AD6500CAA72A /* FlickrSlideShowTests.xctest */,
				EE6C8F321F07AD6500CAA72A /* FlickrSlideShowUITests.xctest */,
			);
			name = Products;
			sourceTree = "<group>";
		};
		EE6C8F151F07AD6400CAA72A /* FlickrSlideShow */ = {
			isa = PBXGroup;
			children = (
				EE6C8F161F07AD6400CAA72A /* AppDelegate.swift */,
				EE6C8F1A1F07AD6400CAA72A /* Main.storyboard */,
				EE6C8F951F09662D00CAA72A /* Model */,
				EE6C8F921F0936F100CAA72A /* Services */,
				EE6C8F441F07BAEF00CAA72A /* ViewControllers */,
				EE6C8F1D1F07AD6400CAA72A /* Assets.xcassets */,
				EE6C8F1F1F07AD6400CAA72A /* LaunchScreen.storyboard */,
				EE6C8F221F07AD6400CAA72A /* Info.plist */,
			);
			path = FlickrSlideShow;
			sourceTree = "<group>";
		};
		EE6C8F2A1F07AD6500CAA72A /* FlickrSlideShowTests */ = {
			isa = PBXGroup;
			children = (
				EE6C8F2B1F07AD6500CAA72A /* FlickrSlideShowTests.swift */,
				EE6C8F2D1F07AD6500CAA72A /* Info.plist */,
			);
			path = FlickrSlideShowTests;
			sourceTree = "<group>";
		};
		EE6C8F351F07AD6500CAA72A /* FlickrSlideShowUITests */ = {
			isa = PBXGroup;
			children = (
				EE6C8F361F07AD6500CAA72A /* FlickrSlideShowUITests.swift */,
				EE6C8F381F07AD6500CAA72A /* Info.plist */,
			);
			path = FlickrSlideShowUITests;
			sourceTree = "<group>";
		};
		EE6C8F441F07BAEF00CAA72A /* ViewControllers */ = {
			isa = PBXGroup;
			children = (
				EE6C8F9E1F0BC27500CAA72A /* CollectionViewController.swift */,
				EE6C8F9A1F09769500CAA72A /* FlckrCollectionViewCell.swift */,
			);
			name = ViewControllers;
			sourceTree = "<group>";
		};
		EE6C8F921F0936F100CAA72A /* Services */ = {
			isa = PBXGroup;
			children = (
				EE6C8F931F09373500CAA72A /* flickrAPI.swift */,
			);
			name = Services;
			sourceTree = "<group>";
		};
		EE6C8F951F09662D00CAA72A /* Model */ = {
			isa = PBXGroup;
			children = (
				EE6C8F961F09668000CAA72A /* FlickrFeedItem.swift */,
			);
			name = Model;
			sourceTree = "<group>";
		};
/* End PBXGroup section */

/* Begin PBXNativeTarget section */
		EE6C8F121F07AD6400CAA72A /* FlickrSlideShow */ = {
			isa = PBXNativeTarget;
			buildConfigurationList = EE6C8F3B1F07AD6500CAA72A /* Build configuration list for PBXNativeTarget "FlickrSlideShow" */;
			buildPhases = (
				B0D66D6283FD360F3203CF2D /* [CP] Check Pods Manifest.lock */,
				EE6C8F0F1F07AD6400CAA72A /* Sources */,
				EE6C8F101F07AD6400CAA72A /* Frameworks */,
				EE6C8F111F07AD6400CAA72A /* Resources */,
				99DD5392F6B00F8AE51E1FB1 /* [CP] Embed Pods Frameworks */,
				4B6BC7639E3C9D4DC472DF08 /* [CP] Copy Pods Resources */,
			);
			buildRules = (
			);
			dependencies = (
			);
			name = FlickrSlideShow;
			productName = FlickrSlideShow;
			productReference = EE6C8F131F07AD6400CAA72A /* FlickrSlideShow.app */;
			productType = "com.apple.product-type.application";
		};
		EE6C8F261F07AD6500CAA72A /* FlickrSlideShowTests */ = {
			isa = PBXNativeTarget;
			buildConfigurationList = EE6C8F3E1F07AD6500CAA72A /* Build configuration list for PBXNativeTarget "FlickrSlideShowTests" */;
			buildPhases = (
				BFCE60A58CCC9E75715B24D1 /* [CP] Check Pods Manifest.lock */,
				EE6C8F231F07AD6500CAA72A /* Sources */,
				EE6C8F241F07AD6500CAA72A /* Frameworks */,
				EE6C8F251F07AD6500CAA72A /* Resources */,
				90610106A4623923845899C2 /* [CP] Embed Pods Frameworks */,
				75A3A8A4641CD69C0EB5EC63 /* [CP] Copy Pods Resources */,
			);
			buildRules = (
			);
			dependencies = (
				EE6C8F291F07AD6500CAA72A /* PBXTargetDependency */,
			);
			name = FlickrSlideShowTests;
			productName = FlickrSlideShowTests;
			productReference = EE6C8F271F07AD6500CAA72A /* FlickrSlideShowTests.xctest */;
			productType = "com.apple.product-type.bundle.unit-test";
		};
		EE6C8F311F07AD6500CAA72A /* FlickrSlideShowUITests */ = {
			isa = PBXNativeTarget;
			buildConfigurationList = EE6C8F411F07AD6500CAA72A /* Build configuration list for PBXNativeTarget "FlickrSlideShowUITests" */;
			buildPhases = (
				DC1707644885162A66452CA6 /* [CP] Check Pods Manifest.lock */,
				EE6C8F2E1F07AD6500CAA72A /* Sources */,
				EE6C8F2F1F07AD6500CAA72A /* Frameworks */,
				EE6C8F301F07AD6500CAA72A /* Resources */,
				B30BA25BE129FC2F0615FFC0 /* [CP] Embed Pods Frameworks */,
				8DF6513A8FF56CDA2473C2C9 /* [CP] Copy Pods Resources */,
			);
			buildRules = (
			);
			dependencies = (
				EE6C8F341F07AD6500CAA72A /* PBXTargetDependency */,
			);
			name = FlickrSlideShowUITests;
			productName = FlickrSlideShowUITests;
			productReference = EE6C8F321F07AD6500CAA72A /* FlickrSlideShowUITests.xctest */;
			productType = "com.apple.product-type.bundle.ui-testing";
		};
/* End PBXNativeTarget section */

/* Begin PBXProject section */
		EE6C8F0B1F07AD6400CAA72A /* Project object */ = {
			isa = PBXProject;
			attributes = {
				LastSwiftUpdateCheck = 0830;
				LastUpgradeCheck = 0830;
				ORGANIZATIONNAME = vrway;
				TargetAttributes = {
					EE6C8F121F07AD6400CAA72A = {
						CreatedOnToolsVersion = 8.3.1;
						DevelopmentTeam = D8U3HNMNV7;
						ProvisioningStyle = Automatic;
					};
					EE6C8F261F07AD6500CAA72A = {
						CreatedOnToolsVersion = 8.3.1;
						DevelopmentTeam = D8U3HNMNV7;
						ProvisioningStyle = Automatic;
						TestTargetID = EE6C8F121F07AD6400CAA72A;
					};
					EE6C8F311F07AD6500CAA72A = {
						CreatedOnToolsVersion = 8.3.1;
						DevelopmentTeam = D8U3HNMNV7;
						ProvisioningStyle = Automatic;
						TestTargetID = EE6C8F121F07AD6400CAA72A;
					};
				};
			};
			buildConfigurationList = EE6C8F0E1F07AD6400CAA72A /* Build configuration list for PBXProject "FlickrSlideShow" */;
			compatibilityVersion = "Xcode 3.2";
			developmentRegion = English;
			hasScannedForEncodings = 0;
			knownRegions = (
				en,
				Base,
			);
			mainGroup = EE6C8F0A1F07AD6400CAA72A;
			productRefGroup = EE6C8F141F07AD6400CAA72A /* Products */;
			projectDirPath = "";
			projectRoot = "";
			targets = (
				EE6C8F121F07AD6400CAA72A /* FlickrSlideShow */,
				EE6C8F261F07AD6500CAA72A /* FlickrSlideShowTests */,
				EE6C8F311F07AD6500CAA72A /* FlickrSlideShowUITests */,
			);
		};
/* End PBXProject section */

/* Begin PBXResourcesBuildPhase section */
		EE6C8F111F07AD6400CAA72A /* Resources */ = {
			isa = PBXResourcesBuildPhase;
			buildActionMask = 2147483647;
			files = (
				EE6C8F211F07AD6400CAA72A /* LaunchScreen.storyboard in Resources */,
				EE6C8F1E1F07AD6400CAA72A /* Assets.xcassets in Resources */,
				EE6C8F1C1F07AD6400CAA72A /* Main.storyboard in Resources */,
			);
			runOnlyForDeploymentPostprocessing = 0;
		};
		EE6C8F251F07AD6500CAA72A /* Resources */ = {
			isa = PBXResourcesBuildPhase;
			buildActionMask = 2147483647;
			files = (
			);
			runOnlyForDeploymentPostprocessing = 0;
		};
		EE6C8F301F07AD6500CAA72A /* Resources */ = {
			isa = PBXResourcesBuildPhase;
			buildActionMask = 2147483647;
			files = (
			);
			runOnlyForDeploymentPostprocessing = 0;
		};
/* End PBXResourcesBuildPhase section */

/* Begin PBXShellScriptBuildPhase section */
		4B6BC7639E3C9D4DC472DF08 /* [CP] Copy Pods Resources */ = {
			isa = PBXShellScriptBuildPhase;
			buildActionMask = 2147483647;
			files = (
			);
			inputPaths = (
			);
			name = "[CP] Copy Pods Resources";
			outputPaths = (
			);
			runOnlyForDeploymentPostprocessing = 0;
			shellPath = /bin/sh;
			shellScript = "\"${SRCROOT}/Pods/Target Support Files/Pods-FlickrSlideShow/Pods-FlickrSlideShow-resources.sh\"\n";
			showEnvVarsInLog = 0;
		};
		75A3A8A4641CD69C0EB5EC63 /* [CP] Copy Pods Resources */ = {
			isa = PBXShellScriptBuildPhase;
			buildActionMask = 2147483647;
			files = (
			);
			inputPaths = (
			);
			name = "[CP] Copy Pods Resources";
			outputPaths = (
			);
			runOnlyForDeploymentPostprocessing = 0;
			shellPath = /bin/sh;
			shellScript = "\"${SRCROOT}/Pods/Target Support Files/Pods-FlickrSlideShowTests/Pods-FlickrSlideShowTests-resources.sh\"\n";
			showEnvVarsInLog = 0;
		};
		8DF6513A8FF56CDA2473C2C9 /* [CP] Copy Pods Resources */ = {
			isa = PBXShellScriptBuildPhase;
			buildActionMask = 2147483647;
			files = (
			);
			inputPaths = (
			);
			name = "[CP] Copy Pods Resources";
			outputPaths = (
			);
			runOnlyForDeploymentPostprocessing = 0;
			shellPath = /bin/sh;
			shellScript = "\"${SRCROOT}/Pods/Target Support Files/Pods-FlickrSlideShowUITests/Pods-FlickrSlideShowUITests-resources.sh\"\n";
			showEnvVarsInLog = 0;
		};
		90610106A4623923845899C2 /* [CP] Embed Pods Frameworks */ = {
			isa = PBXShellScriptBuildPhase;
			buildActionMask = 2147483647;
			files = (
			);
			inputPaths = (
			);
			name = "[CP] Embed Pods Frameworks";
			outputPaths = (
			);
			runOnlyForDeploymentPostprocessing = 0;
			shellPath = /bin/sh;
			shellScript = "\"${SRCROOT}/Pods/Target Support Files/Pods-FlickrSlideShowTests/Pods-FlickrSlideShowTests-frameworks.sh\"\n";
			showEnvVarsInLog = 0;
		};
		99DD5392F6B00F8AE51E1FB1 /* [CP] Embed Pods Frameworks */ = {
			isa = PBXShellScriptBuildPhase;
			buildActionMask = 2147483647;
			files = (
			);
			inputPaths = (
			);
			name = "[CP] Embed Pods Frameworks";
			outputPaths = (
			);
			runOnlyForDeploymentPostprocessing = 0;
			shellPath = /bin/sh;
			shellScript = "\"${SRCROOT}/Pods/Target Support Files/Pods-FlickrSlideShow/Pods-FlickrSlideShow-frameworks.sh\"\n";
			showEnvVarsInLog = 0;
		};
		B0D66D6283FD360F3203CF2D /* [CP] Check Pods Manifest.lock */ = {
			isa = PBXShellScriptBuildPhase;
			buildActionMask = 2147483647;
			files = (
			);
			inputPaths = (
			);
			name = "[CP] Check Pods Manifest.lock";
			outputPaths = (
			);
			runOnlyForDeploymentPostprocessing = 0;
			shellPath = /bin/sh;
			shellScript = "diff \"${PODS_PODFILE_DIR_PATH}/Podfile.lock\" \"${PODS_ROOT}/Manifest.lock\" > /dev/null\nif [ $? != 0 ] ; then\n    # print error to STDERR\n    echo \"error: The sandbox is not in sync with the Podfile.lock. Run 'pod install' or update your CocoaPods installation.\" >&2\n    exit 1\nfi\n";
			showEnvVarsInLog = 0;
		};
		B30BA25BE129FC2F0615FFC0 /* [CP] Embed Pods Frameworks */ = {
			isa = PBXShellScriptBuildPhase;
			buildActionMask = 2147483647;
			files = (
			);
			inputPaths = (
			);
			name = "[CP] Embed Pods Frameworks";
			outputPaths = (
			);
			runOnlyForDeploymentPostprocessing = 0;
			shellPath = /bin/sh;
			shellScript = "\"${SRCROOT}/Pods/Target Support Files/Pods-FlickrSlideShowUITests/Pods-FlickrSlideShowUITests-frameworks.sh\"\n";
			showEnvVarsInLog = 0;
		};
		BFCE60A58CCC9E75715B24D1 /* [CP] Check Pods Manifest.lock */ = {
			isa = PBXShellScriptBuildPhase;
			buildActionMask = 2147483647;
			files = (
			);
			inputPaths = (
			);
			name = "[CP] Check Pods Manifest.lock";
			outputPaths = (
			);
			runOnlyForDeploymentPostprocessing = 0;
			shellPath = /bin/sh;
			shellScript = "diff \"${PODS_PODFILE_DIR_PATH}/Podfile.lock\" \"${PODS_ROOT}/Manifest.lock\" > /dev/null\nif [ $? != 0 ] ; then\n    # print error to STDERR\n    echo \"error: The sandbox is not in sync with the Podfile.lock. Run 'pod install' or update your CocoaPods installation.\" >&2\n    exit 1\nfi\n";
			showEnvVarsInLog = 0;
		};
		DC1707644885162A66452CA6 /* [CP] Check Pods Manifest.lock */ = {
			isa = PBXShellScriptBuildPhase;
			buildActionMask = 2147483647;
			files = (
			);
			inputPaths = (
			);
			name = "[CP] Check Pods Manifest.lock";
			outputPaths = (
			);
			runOnlyForDeploymentPostprocessing = 0;
			shellPath = /bin/sh;
			shellScript = "diff \"${PODS_PODFILE_DIR_PATH}/Podfile.lock\" \"${PODS_ROOT}/Manifest.lock\" > /dev/null\nif [ $? != 0 ] ; then\n    # print error to STDERR\n    echo \"error: The sandbox is not in sync with the Podfile.lock. Run 'pod install' or update your CocoaPods installation.\" >&2\n    exit 1\nfi\n";
			showEnvVarsInLog = 0;
		};
/* End PBXShellScriptBuildPhase section */

/* Begin PBXSourcesBuildPhase section */
		EE6C8F0F1F07AD6400CAA72A /* Sources */ = {
			isa = PBXSourcesBuildPhase;
			buildActionMask = 2147483647;
			files = (
				EE6C8F9B1F09769500CAA72A /* FlckrCollectionViewCell.swift in Sources */,
				EE6C8F941F09373500CAA72A /* flickrAPI.swift in Sources */,
				EE6C8F971F09668000CAA72A /* FlickrFeedItem.swift in Sources */,
				EE6C8F171F07AD6400CAA72A /* AppDelegate.swift in Sources */,
				EE6C8F9F1F0BC27500CAA72A /* CollectionViewController.swift in Sources */,
			);
			runOnlyForDeploymentPostprocessing = 0;
		};
		EE6C8F231F07AD6500CAA72A /* Sources */ = {
			isa = PBXSourcesBuildPhase;
			buildActionMask = 2147483647;
			files = (
				EE6C8F2C1F07AD6500CAA72A /* FlickrSlideShowTests.swift in Sources */,
			);
			runOnlyForDeploymentPostprocessing = 0;
		};
		EE6C8F2E1F07AD6500CAA72A /* Sources */ = {
			isa = PBXSourcesBuildPhase;
			buildActionMask = 2147483647;
			files = (
				EE6C8F371F07AD6500CAA72A /* FlickrSlideShowUITests.swift in Sources */,
			);
			runOnlyForDeploymentPostprocessing = 0;
		};
/* End PBXSourcesBuildPhase section */

/* Begin PBXTargetDependency section */
		EE6C8F291F07AD6500CAA72A /* PBXTargetDependency */ = {
			isa = PBXTargetDependency;
			target = EE6C8F121F07AD6400CAA72A /* FlickrSlideShow */;
			targetProxy = EE6C8F281F07AD6500CAA72A /* PBXContainerItemProxy */;
		};
		EE6C8F341F07AD6500CAA72A /* PBXTargetDependency */ = {
			isa = PBXTargetDependency;
			target = EE6C8F121F07AD6400CAA72A /* FlickrSlideShow */;
			targetProxy = EE6C8F331F07AD6500CAA72A /* PBXContainerItemProxy */;
		};
/* End PBXTargetDependency section */

/* Begin PBXVariantGroup section */
		EE6C8F1A1F07AD6400CAA72A /* Main.storyboard */ = {
			isa = PBXVariantGroup;
			children = (
				EE6C8F1B1F07AD6400CAA72A /* Base */,
			);
			name = Main.storyboard;
			sourceTree = "<group>";
		};
		EE6C8F1F1F07AD6400CAA72A /* LaunchScreen.storyboard */ = {
			isa = PBXVariantGroup;
			children = (
				EE6C8F201F07AD6400CAA72A /* Base */,
			);
			name = LaunchScreen.storyboard;
			sourceTree = "<group>";
		};
/* End PBXVariantGroup section */

/* Begin XCBuildConfiguration section */
		EE6C8F391F07AD6500CAA72A /* Debug */ = {
			isa = XCBuildConfiguration;
			buildSettings = {
				ALWAYS_SEARCH_USER_PATHS = NO;
				CLANG_ANALYZER_NONNULL = YES;
				CLANG_ANALYZER_NUMBER_OBJECT_CONVERSION = YES_AGGRESSIVE;
				CLANG_CXX_LANGUAGE_STANDARD = "gnu++0x";
				CLANG_CXX_LIBRARY = "libc++";
				CLANG_ENABLE_MODULES = YES;
				CLANG_ENABLE_OBJC_ARC = YES;
				CLANG_WARN_BOOL_CONVERSION = YES;
				CLANG_WARN_CONSTANT_CONVERSION = YES;
				CLANG_WARN_DIRECT_OBJC_ISA_USAGE = YES_ERROR;
				CLANG_WARN_DOCUMENTATION_COMMENTS = YES;
				CLANG_WARN_EMPTY_BODY = YES;
				CLANG_WARN_ENUM_CONVERSION = YES;
				CLANG_WARN_INFINITE_RECURSION = YES;
				CLANG_WARN_INT_CONVERSION = YES;
				CLANG_WARN_OBJC_ROOT_CLASS = YES_ERROR;
				CLANG_WARN_SUSPICIOUS_MOVE = YES;
				CLANG_WARN_UNREACHABLE_CODE = YES;
				CLANG_WARN__DUPLICATE_METHOD_MATCH = YES;
				"CODE_SIGN_IDENTITY[sdk=iphoneos*]" = "iPhone Developer";
				COPY_PHASE_STRIP = NO;
				DEBUG_INFORMATION_FORMAT = dwarf;
				ENABLE_STRICT_OBJC_MSGSEND = YES;
				ENABLE_TESTABILITY = YES;
				GCC_C_LANGUAGE_STANDARD = gnu99;
				GCC_DYNAMIC_NO_PIC = NO;
				GCC_NO_COMMON_BLOCKS = YES;
				GCC_OPTIMIZATION_LEVEL = 0;
				GCC_PREPROCESSOR_DEFINITIONS = (
					"DEBUG=1",
					"$(inherited)",
				);
				GCC_WARN_64_TO_32_BIT_CONVERSION = YES;
				GCC_WARN_ABOUT_RETURN_TYPE = YES_ERROR;
				GCC_WARN_UNDECLARED_SELECTOR = YES;
				GCC_WARN_UNINITIALIZED_AUTOS = YES_AGGRESSIVE;
				GCC_WARN_UNUSED_FUNCTION = YES;
				GCC_WARN_UNUSED_VARIABLE = YES;
				IPHONEOS_DEPLOYMENT_TARGET = 10.3;
				MTL_ENABLE_DEBUG_INFO = YES;
				ONLY_ACTIVE_ARCH = YES;
				SDKROOT = iphoneos;
				SWIFT_ACTIVE_COMPILATION_CONDITIONS = DEBUG;
				SWIFT_OPTIMIZATION_LEVEL = "-Onone";
			};
			name = Debug;
		};
		EE6C8F3A1F07AD6500CAA72A /* Release */ = {
			isa = XCBuildConfiguration;
			buildSettings = {
				ALWAYS_SEARCH_USER_PATHS = NO;
				CLANG_ANALYZER_NONNULL = YES;
				CLANG_ANALYZER_NUMBER_OBJECT_CONVERSION = YES_AGGRESSIVE;
				CLANG_CXX_LANGUAGE_STANDARD = "gnu++0x";
				CLANG_CXX_LIBRARY = "libc++";
				CLANG_ENABLE_MODULES = YES;
				CLANG_ENABLE_OBJC_ARC = YES;
				CLANG_WARN_BOOL_CONVERSION = YES;
				CLANG_WARN_CONSTANT_CONVERSION = YES;
				CLANG_WARN_DIRECT_OBJC_ISA_USAGE = YES_ERROR;
				CLANG_WARN_DOCUMENTATION_COMMENTS = YES;
				CLANG_WARN_EMPTY_BODY = YES;
				CLANG_WARN_ENUM_CONVERSION = YES;
				CLANG_WARN_INFINITE_RECURSION = YES;
				CLANG_WARN_INT_CONVERSION = YES;
				CLANG_WARN_OBJC_ROOT_CLASS = YES_ERROR;
				CLANG_WARN_SUSPICIOUS_MOVE = YES;
				CLANG_WARN_UNREACHABLE_CODE = YES;
				CLANG_WARN__DUPLICATE_METHOD_MATCH = YES;
				"CODE_SIGN_IDENTITY[sdk=iphoneos*]" = "iPhone Developer";
				COPY_PHASE_STRIP = NO;
				DEBUG_INFORMATION_FORMAT = "dwarf-with-dsym";
				ENABLE_NS_ASSERTIONS = NO;
				ENABLE_STRICT_OBJC_MSGSEND = YES;
				GCC_C_LANGUAGE_STANDARD = gnu99;
				GCC_NO_COMMON_BLOCKS = YES;
				GCC_WARN_64_TO_32_BIT_CONVERSION = YES;
				GCC_WARN_ABOUT_RETURN_TYPE = YES_ERROR;
				GCC_WARN_UNDECLARED_SELECTOR = YES;
				GCC_WARN_UNINITIALIZED_AUTOS = YES_AGGRESSIVE;
				GCC_WARN_UNUSED_FUNCTION = YES;
				GCC_WARN_UNUSED_VARIABLE = YES;
				IPHONEOS_DEPLOYMENT_TARGET = 10.3;
				MTL_ENABLE_DEBUG_INFO = NO;
				SDKROOT = iphoneos;
				SWIFT_OPTIMIZATION_LEVEL = "-Owholemodule";
				VALIDATE_PRODUCT = YES;
			};
			name = Release;
		};
		EE6C8F3C1F07AD6500CAA72A /* Debug */ = {
			isa = XCBuildConfiguration;
			baseConfigurationReference = 0BFD37E4ED11F26F918ACFC5 /* Pods-FlickrSlideShow.debug.xcconfig */;
			buildSettings = {
				ASSETCATALOG_COMPILER_APPICON_NAME = "AppIcon-1";
				DEVELOPMENT_TEAM = D8U3HNMNV7;
				INFOPLIST_FILE = FlickrSlideShow/Info.plist;
				IPHONEOS_DEPLOYMENT_TARGET = 8.0;
				LD_RUNPATH_SEARCH_PATHS = "$(inherited) @executable_path/Frameworks";
				PRODUCT_BUNDLE_IDENTIFIER = VRWAY.FlickrSlideShow;
				PRODUCT_NAME = "$(TARGET_NAME)";
				SWIFT_VERSION = 3.0;
			};
			name = Debug;
		};
		EE6C8F3D1F07AD6500CAA72A /* Release */ = {
			isa = XCBuildConfiguration;
			baseConfigurationReference = CBA86991B090CEA019CA1AB5 /* Pods-FlickrSlideShow.release.xcconfig */;
			buildSettings = {
				ASSETCATALOG_COMPILER_APPICON_NAME = "AppIcon-1";
				DEVELOPMENT_TEAM = D8U3HNMNV7;
				INFOPLIST_FILE = FlickrSlideShow/Info.plist;
				IPHONEOS_DEPLOYMENT_TARGET = 8.0;
				LD_RUNPATH_SEARCH_PATHS = "$(inherited) @executable_path/Frameworks";
				PRODUCT_BUNDLE_IDENTIFIER = VRWAY.FlickrSlideShow;
				PRODUCT_NAME = "$(TARGET_NAME)";
				SWIFT_VERSION = 3.0;
			};
			name = Release;
		};
		EE6C8F3F1F07AD6500CAA72A /* Debug */ = {
			isa = XCBuildConfiguration;
			baseConfigurationReference = 71EAF4A310ED54C27595BE29 /* Pods-FlickrSlideShowTests.debug.xcconfig */;
			buildSettings = {
				ALWAYS_EMBED_SWIFT_STANDARD_LIBRARIES = YES;
				BUNDLE_LOADER = "$(TEST_HOST)";
				DEVELOPMENT_TEAM = D8U3HNMNV7;
				INFOPLIST_FILE = FlickrSlideShowTests/Info.plist;
				LD_RUNPATH_SEARCH_PATHS = "$(inherited) @executable_path/Frameworks @loader_path/Frameworks";
				PRODUCT_BUNDLE_IDENTIFIER = VRWAY.FlickrSlideShowTests;
				PRODUCT_NAME = "$(TARGET_NAME)";
				SWIFT_VERSION = 3.0;
				TEST_HOST = "$(BUILT_PRODUCTS_DIR)/FlickrSlideShow.app/FlickrSlideShow";
			};
			name = Debug;
		};
		EE6C8F401F07AD6500CAA72A /* Release */ = {
			isa = XCBuildConfiguration;
			baseConfigurationReference = 8DA65FBBF6C97E333A2027A1 /* Pods-FlickrSlideShowTests.release.xcconfig */;
			buildSettings = {
				ALWAYS_EMBED_SWIFT_STANDARD_LIBRARIES = YES;
				BUNDLE_LOADER = "$(TEST_HOST)";
				DEVELOPMENT_TEAM = D8U3HNMNV7;
				INFOPLIST_FILE = FlickrSlideShowTests/Info.plist;
				LD_RUNPATH_SEARCH_PATHS = "$(inherited) @executable_path/Frameworks @loader_path/Frameworks";
				PRODUCT_BUNDLE_IDENTIFIER = VRWAY.FlickrSlideShowTests;
				PRODUCT_NAME = "$(TARGET_NAME)";
				SWIFT_VERSION = 3.0;
				TEST_HOST = "$(BUILT_PRODUCTS_DIR)/FlickrSlideShow.app/FlickrSlideShow";
			};
			name = Release;
		};
		EE6C8F421F07AD6500CAA72A /* Debug */ = {
			isa = XCBuildConfiguration;
			baseConfigurationReference = AF35D2F660F22996AC56DF0E /* Pods-FlickrSlideShowUITests.debug.xcconfig */;
			buildSettings = {
				ALWAYS_EMBED_SWIFT_STANDARD_LIBRARIES = YES;
				DEVELOPMENT_TEAM = D8U3HNMNV7;
				INFOPLIST_FILE = FlickrSlideShowUITests/Info.plist;
				LD_RUNPATH_SEARCH_PATHS = "$(inherited) @executable_path/Frameworks @loader_path/Frameworks";
				PRODUCT_BUNDLE_IDENTIFIER = VRWAY.FlickrSlideShowUITests;
				PRODUCT_NAME = "$(TARGET_NAME)";
				SWIFT_VERSION = 3.0;
				TEST_TARGET_NAME = FlickrSlideShow;
			};
			name = Debug;
		};
		EE6C8F431F07AD6500CAA72A /* Release */ = {
			isa = XCBuildConfiguration;
			baseConfigurationReference = 53860238528438AF4F0256BD /* Pods-FlickrSlideShowUITests.release.xcconfig */;
			buildSettings = {
				ALWAYS_EMBED_SWIFT_STANDARD_LIBRARIES = YES;
				DEVELOPMENT_TEAM = D8U3HNMNV7;
				INFOPLIST_FILE = FlickrSlideShowUITests/Info.plist;
				LD_RUNPATH_SEARCH_PATHS = "$(inherited) @executable_path/Frameworks @loader_path/Frameworks";
				PRODUCT_BUNDLE_IDENTIFIER = VRWAY.FlickrSlideShowUITests;
				PRODUCT_NAME = "$(TARGET_NAME)";
				SWIFT_VERSION = 3.0;
				TEST_TARGET_NAME = FlickrSlideShow;
			};
			name = Release;
		};
/* End XCBuildConfiguration section */

/* Begin XCConfigurationList section */
		EE6C8F0E1F07AD6400CAA72A /* Build configuration list for PBXProject "FlickrSlideShow" */ = {
			isa = XCConfigurationList;
			buildConfigurations = (
				EE6C8F391F07AD6500CAA72A /* Debug */,
				EE6C8F3A1F07AD6500CAA72A /* Release */,
			);
			defaultConfigurationIsVisible = 0;
			defaultConfigurationName = Release;
		};
		EE6C8F3B1F07AD6500CAA72A /* Build configuration list for PBXNativeTarget "FlickrSlideShow" */ = {
			isa = XCConfigurationList;
			buildConfigurations = (
				EE6C8F3C1F07AD6500CAA72A /* Debug */,
				EE6C8F3D1F07AD6500CAA72A /* Release */,
			);
			defaultConfigurationIsVisible = 0;
			defaultConfigurationName = Release;
		};
		EE6C8F3E1F07AD6500CAA72A /* Build configuration list for PBXNativeTarget "FlickrSlideShowTests" */ = {
			isa = XCConfigurationList;
			buildConfigurations = (
				EE6C8F3F1F07AD6500CAA72A /* Debug */,
				EE6C8F401F07AD6500CAA72A /* Release */,
			);
			defaultConfigurationIsVisible = 0;
			defaultConfigurationName = Release;
		};
		EE6C8F411F07AD6500CAA72A /* Build configuration list for PBXNativeTarget "FlickrSlideShowUITests" */ = {
			isa = XCConfigurationList;
			buildConfigurations = (
				EE6C8F421F07AD6500CAA72A /* Debug */,
				EE6C8F431F07AD6500CAA72A /* Release */,
			);
			defaultConfigurationIsVisible = 0;
			defaultConfigurationName = Release;
		};
/* End XCConfigurationList section */
	};
	rootObject = EE6C8F0B1F07AD6400CAA72A /* Project object */;
}
